{
  "meteor": {},
  "dependencies": {
    "basePackages": {
      "easy-search": {}
    },
    "packages": {
      "easy-search": {
        "git": "https://github.com/matteodem/meteor-easy-search.git",
        "tag": "v0.4.55",
        "commit": "2c2a4d2d9a905530dd6f076b585bafbd0c40e5ca"
      }
    }
  }
}
